{
  "version": 4,
  "terraform_version": "1.2.3",
  "serial": 82,
  "lineage": "f25db1d7-3fbb-c198-9a93-b25e5bc334e5",
  "outputs": {
    "sns_topic_arn": {
      "value": "arn:aws:sns:ap-southeast-1:343218201267:rds-alarm-topic",
      "type": "string"
    }
  },
  "resources": [
    {
      "module": "module.cloudwatch",
      "mode": "managed",
      "type": "aws_cloudwatch_metric_alarm",
      "name": "cpu_utilization",
      "provider": "provider[\"registry.terraform.io/hashicorp/aws\"]",
      "instances": [
        {
          "schema_version": 1,
          "attributes": {
            "actions_enabled": true,
            "alarm_actions": [
              "arn:aws:sns:ap-southeast-1:343218201267:rds-alarm-topic"
            ],
            "alarm_description": "",
            "alarm_name": "arn:aws:rds:ap-southeast-1:343218201267:db:rds-High-CPU",
            "arn": "arn:aws:cloudwatch:ap-southeast-1:343218201267:alarm:arn:aws:rds:ap-southeast-1:343218201267:db:rds-High-CPU",
            "comparison_operator": "GreaterThanThreshold",
            "datapoints_to_alarm": 0,
            "dimensions": {
              "DBInstanceIdentifier": "arn:aws:rds:ap-southeast-1:343218201267:db:rds"
            },
            "evaluate_low_sample_count_percentiles": "",
            "evaluation_periods": 2,
            "extended_statistic": "",
            "id": "arn:aws:rds:ap-southeast-1:343218201267:db:rds-High-CPU",
            "insufficient_data_actions": [],
            "metric_name": "CPUUtilization",
            "metric_query": [],
            "namespace": "AWS/RDS",
            "ok_actions": [],
            "period": 300,
            "statistic": "Average",
            "tags": {},
            "tags_all": {},
            "threshold": 80,
            "threshold_metric_id": "",
            "treat_missing_data": "missing",
            "unit": ""
          },
          "sensitive_attributes": [],
          "private": "eyJzY2hlbWFfdmVyc2lvbiI6IjEifQ==",
          "dependencies": [
            "module.mysql.aws_iam_role.rds_monitoring",
            "module.mysql.aws_iam_role_policy_attachment.rds_monitoring",
            "module.mysql.data.aws_iam_policy_document.rds_monitoring_assume_policy",
            "module.mysql.module.rds.module.db_instance.aws_cloudwatch_log_group.this",
            "module.mysql.module.rds.module.db_instance.aws_db_instance.this",
            "module.mysql.module.rds.module.db_instance.aws_iam_role.enhanced_monitoring",
            "module.mysql.module.rds.module.db_instance.aws_iam_role_policy_attachment.enhanced_monitoring",
            "module.mysql.module.rds.module.db_instance.data.aws_iam_policy_document.enhanced_monitoring",
            "module.mysql.module.rds.module.db_instance.data.aws_partition.current",
            "module.mysql.module.rds.module.db_instance.random_id.snapshot_identifier",
            "module.mysql.module.rds.module.db_option_group.aws_db_option_group.this",
            "module.mysql.module.rds.module.db_parameter_group.aws_db_parameter_group.this",
            "module.mysql.module.rds.module.db_subnet_group.aws_db_subnet_group.this",
            "module.mysql.module.rds.random_password.master_password",
            "module.sns.aws_sns_topic.alarm_notifications"
          ]
        }
      ]
    },
    {
      "module": "module.cloudwatch",
      "mode": "managed",
      "type": "aws_cloudwatch_metric_alarm",
      "name": "database_connections",
      "provider": "provider[\"registry.terraform.io/hashicorp/aws\"]",
      "instances": [
        {
          "schema_version": 1,
          "attributes": {
            "actions_enabled": true,
            "alarm_actions": [
              "arn:aws:sns:ap-southeast-1:343218201267:rds-alarm-topic"
            ],
            "alarm_description": "",
            "alarm_name": "arn:aws:rds:ap-southeast-1:343218201267:db:rds-High-Connections",
            "arn": "arn:aws:cloudwatch:ap-southeast-1:343218201267:alarm:arn:aws:rds:ap-southeast-1:343218201267:db:rds-High-Connections",
            "comparison_operator": "GreaterThanThreshold",
            "datapoints_to_alarm": 0,
            "dimensions": {
              "DBInstanceIdentifier": "arn:aws:rds:ap-southeast-1:343218201267:db:rds"
            },
            "evaluate_low_sample_count_percentiles": "",
            "evaluation_periods": 2,
            "extended_statistic": "",
            "id": "arn:aws:rds:ap-southeast-1:343218201267:db:rds-High-Connections",
            "insufficient_data_actions": [],
            "metric_name": "DatabaseConnections",
            "metric_query": [],
            "namespace": "AWS/RDS",
            "ok_actions": [],
            "period": 300,
            "statistic": "Average",
            "tags": {},
            "tags_all": {},
            "threshold": 100,
            "threshold_metric_id": "",
            "treat_missing_data": "missing",
            "unit": ""
          },
          "sensitive_attributes": [],
          "private": "eyJzY2hlbWFfdmVyc2lvbiI6IjEifQ==",
          "dependencies": [
            "module.mysql.aws_iam_role.rds_monitoring",
            "module.mysql.aws_iam_role_policy_attachment.rds_monitoring",
            "module.mysql.data.aws_iam_policy_document.rds_monitoring_assume_policy",
            "module.mysql.module.rds.module.db_instance.aws_cloudwatch_log_group.this",
            "module.mysql.module.rds.module.db_instance.aws_db_instance.this",
            "module.mysql.module.rds.module.db_instance.aws_iam_role.enhanced_monitoring",
            "module.mysql.module.rds.module.db_instance.aws_iam_role_policy_attachment.enhanced_monitoring",
            "module.mysql.module.rds.module.db_instance.data.aws_iam_policy_document.enhanced_monitoring",
            "module.mysql.module.rds.module.db_instance.data.aws_partition.current",
            "module.mysql.module.rds.module.db_instance.random_id.snapshot_identifier",
            "module.mysql.module.rds.module.db_option_group.aws_db_option_group.this",
            "module.mysql.module.rds.module.db_parameter_group.aws_db_parameter_group.this",
            "module.mysql.module.rds.module.db_subnet_group.aws_db_subnet_group.this",
            "module.mysql.module.rds.random_password.master_password",
            "module.sns.aws_sns_topic.alarm_notifications"
          ]
        }
      ]
    },
    {
      "module": "module.cloudwatch",
      "mode": "managed",
      "type": "aws_cloudwatch_metric_alarm",
      "name": "free_storage_space",
      "provider": "provider[\"registry.terraform.io/hashicorp/aws\"]",
      "instances": [
        {
          "schema_version": 1,
          "attributes": {
            "actions_enabled": true,
            "alarm_actions": [
              "arn:aws:sns:ap-southeast-1:343218201267:rds-alarm-topic"
            ],
            "alarm_description": "",
            "alarm_name": "arn:aws:rds:ap-southeast-1:343218201267:db:rds-Low-Free-Storage",
            "arn": "arn:aws:cloudwatch:ap-southeast-1:343218201267:alarm:arn:aws:rds:ap-southeast-1:343218201267:db:rds-Low-Free-Storage",
            "comparison_operator": "LessThanThreshold",
            "datapoints_to_alarm": 0,
            "dimensions": {
              "DBInstanceIdentifier": "arn:aws:rds:ap-southeast-1:343218201267:db:rds"
            },
            "evaluate_low_sample_count_percentiles": "",
            "evaluation_periods": 2,
            "extended_statistic": "",
            "id": "arn:aws:rds:ap-southeast-1:343218201267:db:rds-Low-Free-Storage",
            "insufficient_data_actions": [],
            "metric_name": "FreeStorageSpace",
            "metric_query": [],
            "namespace": "AWS/RDS",
            "ok_actions": [],
            "period": 300,
            "statistic": "Average",
            "tags": {},
            "tags_all": {},
            "threshold": 5368709120,
            "threshold_metric_id": "",
            "treat_missing_data": "missing",
            "unit": ""
          },
          "sensitive_attributes": [],
          "private": "eyJzY2hlbWFfdmVyc2lvbiI6IjEifQ==",
          "dependencies": [
            "module.mysql.aws_iam_role.rds_monitoring",
            "module.mysql.aws_iam_role_policy_attachment.rds_monitoring",
            "module.mysql.data.aws_iam_policy_document.rds_monitoring_assume_policy",
            "module.mysql.module.rds.module.db_instance.aws_cloudwatch_log_group.this",
            "module.mysql.module.rds.module.db_instance.aws_db_instance.this",
            "module.mysql.module.rds.module.db_instance.aws_iam_role.enhanced_monitoring",
            "module.mysql.module.rds.module.db_instance.aws_iam_role_policy_attachment.enhanced_monitoring",
            "module.mysql.module.rds.module.db_instance.data.aws_iam_policy_document.enhanced_monitoring",
            "module.mysql.module.rds.module.db_instance.data.aws_partition.current",
            "module.mysql.module.rds.module.db_instance.random_id.snapshot_identifier",
            "module.mysql.module.rds.module.db_option_group.aws_db_option_group.this",
            "module.mysql.module.rds.module.db_parameter_group.aws_db_parameter_group.this",
            "module.mysql.module.rds.module.db_subnet_group.aws_db_subnet_group.this",
            "module.mysql.module.rds.random_password.master_password",
            "module.sns.aws_sns_topic.alarm_notifications"
          ]
        }
      ]
    },
    {
      "module": "module.cloudwatch",
      "mode": "managed",
      "type": "aws_cloudwatch_metric_alarm",
      "name": "read_iops",
      "provider": "provider[\"registry.terraform.io/hashicorp/aws\"]",
      "instances": [
        {
          "schema_version": 1,
          "attributes": {
            "actions_enabled": true,
            "alarm_actions": [
              "arn:aws:sns:ap-southeast-1:343218201267:rds-alarm-topic"
            ],
            "alarm_description": "",
            "alarm_name": "arn:aws:rds:ap-southeast-1:343218201267:db:rds-Low-Read-IOPS",
            "arn": "arn:aws:cloudwatch:ap-southeast-1:343218201267:alarm:arn:aws:rds:ap-southeast-1:343218201267:db:rds-Low-Read-IOPS",
            "comparison_operator": "LessThanThreshold",
            "datapoints_to_alarm": 0,
            "dimensions": {
              "DBInstanceIdentifier": "arn:aws:rds:ap-southeast-1:343218201267:db:rds"
            },
            "evaluate_low_sample_count_percentiles": "",
            "evaluation_periods": 2,
            "extended_statistic": "",
            "id": "arn:aws:rds:ap-southeast-1:343218201267:db:rds-Low-Read-IOPS",
            "insufficient_data_actions": [],
            "metric_name": "ReadIOPS",
            "metric_query": [],
            "namespace": "AWS/RDS",
            "ok_actions": [],
            "period": 300,
            "statistic": "Average",
            "tags": {},
            "tags_all": {},
            "threshold": 100,
            "threshold_metric_id": "",
            "treat_missing_data": "missing",
            "unit": ""
          },
          "sensitive_attributes": [],
          "private": "eyJzY2hlbWFfdmVyc2lvbiI6IjEifQ==",
          "dependencies": [
            "module.mysql.aws_iam_role.rds_monitoring",
            "module.mysql.aws_iam_role_policy_attachment.rds_monitoring",
            "module.mysql.data.aws_iam_policy_document.rds_monitoring_assume_policy",
            "module.mysql.module.rds.module.db_instance.aws_cloudwatch_log_group.this",
            "module.mysql.module.rds.module.db_instance.aws_db_instance.this",
            "module.mysql.module.rds.module.db_instance.aws_iam_role.enhanced_monitoring",
            "module.mysql.module.rds.module.db_instance.aws_iam_role_policy_attachment.enhanced_monitoring",
            "module.mysql.module.rds.module.db_instance.data.aws_iam_policy_document.enhanced_monitoring",
            "module.mysql.module.rds.module.db_instance.data.aws_partition.current",
            "module.mysql.module.rds.module.db_instance.random_id.snapshot_identifier",
            "module.mysql.module.rds.module.db_option_group.aws_db_option_group.this",
            "module.mysql.module.rds.module.db_parameter_group.aws_db_parameter_group.this",
            "module.mysql.module.rds.module.db_subnet_group.aws_db_subnet_group.this",
            "module.mysql.module.rds.random_password.master_password",
            "module.sns.aws_sns_topic.alarm_notifications"
          ]
        }
      ]
    },
    {
      "module": "module.cloudwatch",
      "mode": "managed",
      "type": "aws_cloudwatch_metric_alarm",
      "name": "read_latency",
      "provider": "provider[\"registry.terraform.io/hashicorp/aws\"]",
      "instances": [
        {
          "schema_version": 1,
          "attributes": {
            "actions_enabled": true,
            "alarm_actions": [
              "arn:aws:sns:ap-southeast-1:343218201267:rds-alarm-topic"
            ],
            "alarm_description": "",
            "alarm_name": "arn:aws:rds:ap-southeast-1:343218201267:db:rds-High-Read-Latency",
            "arn": "arn:aws:cloudwatch:ap-southeast-1:343218201267:alarm:arn:aws:rds:ap-southeast-1:343218201267:db:rds-High-Read-Latency",
            "comparison_operator": "GreaterThanThreshold",
            "datapoints_to_alarm": 0,
            "dimensions": {
              "DBInstanceIdentifier": "arn:aws:rds:ap-southeast-1:343218201267:db:rds"
            },
            "evaluate_low_sample_count_percentiles": "",
            "evaluation_periods": 2,
            "extended_statistic": "",
            "id": "arn:aws:rds:ap-southeast-1:343218201267:db:rds-High-Read-Latency",
            "insufficient_data_actions": [],
            "metric_name": "ReadLatency",
            "metric_query": [],
            "namespace": "AWS/RDS",
            "ok_actions": [],
            "period": 300,
            "statistic": "Average",
            "tags": {},
            "tags_all": {},
            "threshold": 1,
            "threshold_metric_id": "",
            "treat_missing_data": "missing",
            "unit": ""
          },
          "sensitive_attributes": [],
          "private": "eyJzY2hlbWFfdmVyc2lvbiI6IjEifQ==",
          "dependencies": [
            "module.mysql.aws_iam_role.rds_monitoring",
            "module.mysql.aws_iam_role_policy_attachment.rds_monitoring",
            "module.mysql.data.aws_iam_policy_document.rds_monitoring_assume_policy",
            "module.mysql.module.rds.module.db_instance.aws_cloudwatch_log_group.this",
            "module.mysql.module.rds.module.db_instance.aws_db_instance.this",
            "module.mysql.module.rds.module.db_instance.aws_iam_role.enhanced_monitoring",
            "module.mysql.module.rds.module.db_instance.aws_iam_role_policy_attachment.enhanced_monitoring",
            "module.mysql.module.rds.module.db_instance.data.aws_iam_policy_document.enhanced_monitoring",
            "module.mysql.module.rds.module.db_instance.data.aws_partition.current",
            "module.mysql.module.rds.module.db_instance.random_id.snapshot_identifier",
            "module.mysql.module.rds.module.db_option_group.aws_db_option_group.this",
            "module.mysql.module.rds.module.db_parameter_group.aws_db_parameter_group.this",
            "module.mysql.module.rds.module.db_subnet_group.aws_db_subnet_group.this",
            "module.mysql.module.rds.random_password.master_password",
            "module.sns.aws_sns_topic.alarm_notifications"
          ]
        }
      ]
    },
    {
      "module": "module.cloudwatch",
      "mode": "managed",
      "type": "aws_cloudwatch_metric_alarm",
      "name": "read_throughput",
      "provider": "provider[\"registry.terraform.io/hashicorp/aws\"]",
      "instances": [
        {
          "schema_version": 1,
          "attributes": {
            "actions_enabled": true,
            "alarm_actions": [
              "arn:aws:sns:ap-southeast-1:343218201267:rds-alarm-topic"
            ],
            "alarm_description": "",
            "alarm_name": "arn:aws:rds:ap-southeast-1:343218201267:db:rds-Low-Read-Throughput",
            "arn": "arn:aws:cloudwatch:ap-southeast-1:343218201267:alarm:arn:aws:rds:ap-southeast-1:343218201267:db:rds-Low-Read-Throughput",
            "comparison_operator": "LessThanThreshold",
            "datapoints_to_alarm": 0,
            "dimensions": {
              "DBInstanceIdentifier": "arn:aws:rds:ap-southeast-1:343218201267:db:rds"
            },
            "evaluate_low_sample_count_percentiles": "",
            "evaluation_periods": 2,
            "extended_statistic": "",
            "id": "arn:aws:rds:ap-southeast-1:343218201267:db:rds-Low-Read-Throughput",
            "insufficient_data_actions": [],
            "metric_name": "ReadThroughput",
            "metric_query": [],
            "namespace": "AWS/RDS",
            "ok_actions": [],
            "period": 300,
            "statistic": "Average",
            "tags": {},
            "tags_all": {},
            "threshold": 100000,
            "threshold_metric_id": "",
            "treat_missing_data": "missing",
            "unit": ""
          },
          "sensitive_attributes": [],
          "private": "eyJzY2hlbWFfdmVyc2lvbiI6IjEifQ==",
          "dependencies": [
            "module.mysql.aws_iam_role.rds_monitoring",
            "module.mysql.aws_iam_role_policy_attachment.rds_monitoring",
            "module.mysql.data.aws_iam_policy_document.rds_monitoring_assume_policy",
            "module.mysql.module.rds.module.db_instance.aws_cloudwatch_log_group.this",
            "module.mysql.module.rds.module.db_instance.aws_db_instance.this",
            "module.mysql.module.rds.module.db_instance.aws_iam_role.enhanced_monitoring",
            "module.mysql.module.rds.module.db_instance.aws_iam_role_policy_attachment.enhanced_monitoring",
            "module.mysql.module.rds.module.db_instance.data.aws_iam_policy_document.enhanced_monitoring",
            "module.mysql.module.rds.module.db_instance.data.aws_partition.current",
            "module.mysql.module.rds.module.db_instance.random_id.snapshot_identifier",
            "module.mysql.module.rds.module.db_option_group.aws_db_option_group.this",
            "module.mysql.module.rds.module.db_parameter_group.aws_db_parameter_group.this",
            "module.mysql.module.rds.module.db_subnet_group.aws_db_subnet_group.this",
            "module.mysql.module.rds.random_password.master_password",
            "module.sns.aws_sns_topic.alarm_notifications"
          ]
        }
      ]
    },
    {
      "module": "module.cloudwatch",
      "mode": "managed",
      "type": "aws_cloudwatch_metric_alarm",
      "name": "write_iops",
      "provider": "provider[\"registry.terraform.io/hashicorp/aws\"]",
      "instances": [
        {
          "schema_version": 1,
          "attributes": {
            "actions_enabled": true,
            "alarm_actions": [
              "arn:aws:sns:ap-southeast-1:343218201267:rds-alarm-topic"
            ],
            "alarm_description": "",
            "alarm_name": "arn:aws:rds:ap-southeast-1:343218201267:db:rds-Low-Write-IOPS",
            "arn": "arn:aws:cloudwatch:ap-southeast-1:343218201267:alarm:arn:aws:rds:ap-southeast-1:343218201267:db:rds-Low-Write-IOPS",
            "comparison_operator": "LessThanThreshold",
            "datapoints_to_alarm": 0,
            "dimensions": {
              "DBInstanceIdentifier": "arn:aws:rds:ap-southeast-1:343218201267:db:rds"
            },
            "evaluate_low_sample_count_percentiles": "",
            "evaluation_periods": 2,
            "extended_statistic": "",
            "id": "arn:aws:rds:ap-southeast-1:343218201267:db:rds-Low-Write-IOPS",
            "insufficient_data_actions": [],
            "metric_name": "WriteIOPS",
            "metric_query": [],
            "namespace": "AWS/RDS",
            "ok_actions": [],
            "period": 300,
            "statistic": "Average",
            "tags": {},
            "tags_all": {},
            "threshold": 100,
            "threshold_metric_id": "",
            "treat_missing_data": "missing",
            "unit": ""
          },
          "sensitive_attributes": [],
          "private": "eyJzY2hlbWFfdmVyc2lvbiI6IjEifQ==",
          "dependencies": [
            "module.mysql.aws_iam_role.rds_monitoring",
            "module.mysql.aws_iam_role_policy_attachment.rds_monitoring",
            "module.mysql.data.aws_iam_policy_document.rds_monitoring_assume_policy",
            "module.mysql.module.rds.module.db_instance.aws_cloudwatch_log_group.this",
            "module.mysql.module.rds.module.db_instance.aws_db_instance.this",
            "module.mysql.module.rds.module.db_instance.aws_iam_role.enhanced_monitoring",
            "module.mysql.module.rds.module.db_instance.aws_iam_role_policy_attachment.enhanced_monitoring",
            "module.mysql.module.rds.module.db_instance.data.aws_iam_policy_document.enhanced_monitoring",
            "module.mysql.module.rds.module.db_instance.data.aws_partition.current",
            "module.mysql.module.rds.module.db_instance.random_id.snapshot_identifier",
            "module.mysql.module.rds.module.db_option_group.aws_db_option_group.this",
            "module.mysql.module.rds.module.db_parameter_group.aws_db_parameter_group.this",
            "module.mysql.module.rds.module.db_subnet_group.aws_db_subnet_group.this",
            "module.mysql.module.rds.random_password.master_password",
            "module.sns.aws_sns_topic.alarm_notifications"
          ]
        }
      ]
    },
    {
      "module": "module.cloudwatch",
      "mode": "managed",
      "type": "aws_cloudwatch_metric_alarm",
      "name": "write_latency",
      "provider": "provider[\"registry.terraform.io/hashicorp/aws\"]",
      "instances": [
        {
          "schema_version": 1,
          "attributes": {
            "actions_enabled": true,
            "alarm_actions": [
              "arn:aws:sns:ap-southeast-1:343218201267:rds-alarm-topic"
            ],
            "alarm_description": "",
            "alarm_name": "arn:aws:rds:ap-southeast-1:343218201267:db:rds-High-Write-Latency",
            "arn": "arn:aws:cloudwatch:ap-southeast-1:343218201267:alarm:arn:aws:rds:ap-southeast-1:343218201267:db:rds-High-Write-Latency",
            "comparison_operator": "GreaterThanThreshold",
            "datapoints_to_alarm": 0,
            "dimensions": {
              "DBInstanceIdentifier": "arn:aws:rds:ap-southeast-1:343218201267:db:rds"
            },
            "evaluate_low_sample_count_percentiles": "",
            "evaluation_periods": 2,
            "extended_statistic": "",
            "id": "arn:aws:rds:ap-southeast-1:343218201267:db:rds-High-Write-Latency",
            "insufficient_data_actions": [],
            "metric_name": "WriteLatency",
            "metric_query": [],
            "namespace": "AWS/RDS",
            "ok_actions": [],
            "period": 300,
            "statistic": "Average",
            "tags": {},
            "tags_all": {},
            "threshold": 1,
            "threshold_metric_id": "",
            "treat_missing_data": "missing",
            "unit": ""
          },
          "sensitive_attributes": [],
          "private": "eyJzY2hlbWFfdmVyc2lvbiI6IjEifQ==",
          "dependencies": [
            "module.mysql.aws_iam_role.rds_monitoring",
            "module.mysql.aws_iam_role_policy_attachment.rds_monitoring",
            "module.mysql.data.aws_iam_policy_document.rds_monitoring_assume_policy",
            "module.mysql.module.rds.module.db_instance.aws_cloudwatch_log_group.this",
            "module.mysql.module.rds.module.db_instance.aws_db_instance.this",
            "module.mysql.module.rds.module.db_instance.aws_iam_role.enhanced_monitoring",
            "module.mysql.module.rds.module.db_instance.aws_iam_role_policy_attachment.enhanced_monitoring",
            "module.mysql.module.rds.module.db_instance.data.aws_iam_policy_document.enhanced_monitoring",
            "module.mysql.module.rds.module.db_instance.data.aws_partition.current",
            "module.mysql.module.rds.module.db_instance.random_id.snapshot_identifier",
            "module.mysql.module.rds.module.db_option_group.aws_db_option_group.this",
            "module.mysql.module.rds.module.db_parameter_group.aws_db_parameter_group.this",
            "module.mysql.module.rds.module.db_subnet_group.aws_db_subnet_group.this",
            "module.mysql.module.rds.random_password.master_password",
            "module.sns.aws_sns_topic.alarm_notifications"
          ]
        }
      ]
    },
    {
      "module": "module.cloudwatch",
      "mode": "managed",
      "type": "aws_cloudwatch_metric_alarm",
      "name": "write_throughput",
      "provider": "provider[\"registry.terraform.io/hashicorp/aws\"]",
      "instances": [
        {
          "schema_version": 1,
          "attributes": {
            "actions_enabled": true,
            "alarm_actions": [
              "arn:aws:sns:ap-southeast-1:343218201267:rds-alarm-topic"
            ],
            "alarm_description": "",
            "alarm_name": "arn:aws:rds:ap-southeast-1:343218201267:db:rds-Low-Write-Throughput",
            "arn": "arn:aws:cloudwatch:ap-southeast-1:343218201267:alarm:arn:aws:rds:ap-southeast-1:343218201267:db:rds-Low-Write-Throughput",
            "comparison_operator": "LessThanThreshold",
            "datapoints_to_alarm": 0,
            "dimensions": {
              "DBInstanceIdentifier": "arn:aws:rds:ap-southeast-1:343218201267:db:rds"
            },
            "evaluate_low_sample_count_percentiles": "",
            "evaluation_periods": 2,
            "extended_statistic": "",
            "id": "arn:aws:rds:ap-southeast-1:343218201267:db:rds-Low-Write-Throughput",
            "insufficient_data_actions": [],
            "metric_name": "WriteThroughput",
            "metric_query": [],
            "namespace": "AWS/RDS",
            "ok_actions": [],
            "period": 300,
            "statistic": "Average",
            "tags": {},
            "tags_all": {},
            "threshold": 100000,
            "threshold_metric_id": "",
            "treat_missing_data": "missing",
            "unit": ""
          },
          "sensitive_attributes": [],
          "private": "eyJzY2hlbWFfdmVyc2lvbiI6IjEifQ==",
          "dependencies": [
            "module.mysql.aws_iam_role.rds_monitoring",
            "module.mysql.aws_iam_role_policy_attachment.rds_monitoring",
            "module.mysql.data.aws_iam_policy_document.rds_monitoring_assume_policy",
            "module.mysql.module.rds.module.db_instance.aws_cloudwatch_log_group.this",
            "module.mysql.module.rds.module.db_instance.aws_db_instance.this",
            "module.mysql.module.rds.module.db_instance.aws_iam_role.enhanced_monitoring",
            "module.mysql.module.rds.module.db_instance.aws_iam_role_policy_attachment.enhanced_monitoring",
            "module.mysql.module.rds.module.db_instance.data.aws_iam_policy_document.enhanced_monitoring",
            "module.mysql.module.rds.module.db_instance.data.aws_partition.current",
            "module.mysql.module.rds.module.db_instance.random_id.snapshot_identifier",
            "module.mysql.module.rds.module.db_option_group.aws_db_option_group.this",
            "module.mysql.module.rds.module.db_parameter_group.aws_db_parameter_group.this",
            "module.mysql.module.rds.module.db_subnet_group.aws_db_subnet_group.this",
            "module.mysql.module.rds.random_password.master_password",
            "module.sns.aws_sns_topic.alarm_notifications"
          ]
        }
      ]
    },
    {
      "module": "module.mysql",
      "mode": "data",
      "type": "aws_iam_policy_document",
      "name": "rds_monitoring_assume_policy",
      "provider": "provider[\"registry.terraform.io/hashicorp/aws\"]",
      "instances": [
        {
          "schema_version": 0,
          "attributes": {
            "id": "76086537",
            "json": "{\n  \"Version\": \"2012-10-17\",\n  \"Statement\": [\n    {\n      \"Effect\": \"Allow\",\n      \"Action\": \"sts:AssumeRole\",\n      \"Principal\": {\n        \"Service\": \"monitoring.rds.amazonaws.com\"\n      }\n    }\n  ]\n}",
            "minified_json": "{\"Version\":\"2012-10-17\",\"Statement\":[{\"Effect\":\"Allow\",\"Action\":\"sts:AssumeRole\",\"Principal\":{\"Service\":\"monitoring.rds.amazonaws.com\"}}]}",
            "override_json": null,
            "override_policy_documents": null,
            "policy_id": null,
            "source_json": null,
            "source_policy_documents": null,
            "statement": [
              {
                "actions": [
                  "sts:AssumeRole"
                ],
                "condition": [],
                "effect": "Allow",
                "not_actions": [],
                "not_principals": [],
                "not_resources": [],
                "principals": [
                  {
                    "identifiers": [
                      "monitoring.rds.amazonaws.com"
                    ],
                    "type": "Service"
                  }
                ],
                "resources": [],
                "sid": ""
              }
            ],
            "version": "2012-10-17"
          },
          "sensitive_attributes": []
        }
      ]
    },
    {
      "module": "module.mysql",
      "mode": "managed",
      "type": "aws_iam_role",
      "name": "rds_monitoring",
      "provider": "provider[\"registry.terraform.io/hashicorp/aws\"]",
      "instances": [
        {
          "schema_version": 0,
          "attributes": {
            "arn": "arn:aws:iam::343218201267:role/rds-monitoring-role",
            "assume_role_policy": "{\"Statement\":[{\"Action\":\"sts:AssumeRole\",\"Effect\":\"Allow\",\"Principal\":{\"Service\":\"monitoring.rds.amazonaws.com\"}}],\"Version\":\"2012-10-17\"}",
            "create_date": "2024-12-04T09:59:36Z",
            "description": "",
            "force_detach_policies": false,
            "id": "rds-monitoring-role",
            "inline_policy": [],
            "managed_policy_arns": [
              "arn:aws:iam::aws:policy/service-role/AmazonRDSEnhancedMonitoringRole"
            ],
            "max_session_duration": 3600,
            "name": "rds-monitoring-role",
            "name_prefix": "",
            "path": "/",
            "permissions_boundary": "",
            "tags": {},
            "tags_all": {},
            "unique_id": "AROAU72LGEKZVLF2MFLAR"
          },
          "sensitive_attributes": [],
          "private": "bnVsbA==",
          "dependencies": [
            "module.mysql.data.aws_iam_policy_document.rds_monitoring_assume_policy"
          ]
        }
      ]
    },
    {
      "module": "module.mysql",
      "mode": "managed",
      "type": "aws_iam_role_policy_attachment",
      "name": "rds_monitoring",
      "provider": "provider[\"registry.terraform.io/hashicorp/aws\"]",
      "instances": [
        {
          "schema_version": 0,
          "attributes": {
            "id": "rds-monitoring-role-20241204095938420500000003",
            "policy_arn": "arn:aws:iam::aws:policy/service-role/AmazonRDSEnhancedMonitoringRole",
            "role": "rds-monitoring-role"
          },
          "sensitive_attributes": [],
          "private": "bnVsbA==",
          "dependencies": [
            "module.mysql.aws_iam_role.rds_monitoring",
            "module.mysql.data.aws_iam_policy_document.rds_monitoring_assume_policy"
          ]
        }
      ]
    },
    {
      "module": "module.mysql.module.rds",
      "mode": "managed",
      "type": "random_password",
      "name": "master_password",
      "provider": "provider[\"registry.terraform.io/hashicorp/random\"]",
      "instances": [
        {
          "index_key": 0,
          "schema_version": 3,
          "attributes": {
            "bcrypt_hash": "$2a$10$Qb5xAM5gL6gUsgV0iBz2AeLA1jZnUz8Z2QLpEdZb/jiibJjPamTNi",
            "id": "none",
            "keepers": null,
            "length": 16,
            "lower": true,
            "min_lower": 0,
            "min_numeric": 0,
            "min_special": 0,
            "min_upper": 0,
            "number": true,
            "numeric": true,
            "override_special": null,
            "result": "OeIXWgcIVw2nLoMJ",
            "special": false,
            "upper": true
          },
          "sensitive_attributes": []
        }
      ]
    },
    {
      "module": "module.mysql.module.rds.module.db_instance",
      "mode": "data",
      "type": "aws_iam_policy_document",
      "name": "enhanced_monitoring",
      "provider": "provider[\"registry.terraform.io/hashicorp/aws\"]",
      "instances": [
        {
          "schema_version": 0,
          "attributes": {
            "id": "76086537",
            "json": "{\n  \"Version\": \"2012-10-17\",\n  \"Statement\": [\n    {\n      \"Effect\": \"Allow\",\n      \"Action\": \"sts:AssumeRole\",\n      \"Principal\": {\n        \"Service\": \"monitoring.rds.amazonaws.com\"\n      }\n    }\n  ]\n}",
            "minified_json": "{\"Version\":\"2012-10-17\",\"Statement\":[{\"Effect\":\"Allow\",\"Action\":\"sts:AssumeRole\",\"Principal\":{\"Service\":\"monitoring.rds.amazonaws.com\"}}]}",
            "override_json": null,
            "override_policy_documents": null,
            "policy_id": null,
            "source_json": null,
            "source_policy_documents": null,
            "statement": [
              {
                "actions": [
                  "sts:AssumeRole"
                ],
                "condition": [],
                "effect": "Allow",
                "not_actions": [],
                "not_principals": [],
                "not_resources": [],
                "principals": [
                  {
                    "identifiers": [
                      "monitoring.rds.amazonaws.com"
                    ],
                    "type": "Service"
                  }
                ],
                "resources": [],
                "sid": ""
              }
            ],
            "version": "2012-10-17"
          },
          "sensitive_attributes": []
        }
      ]
    },
    {
      "module": "module.mysql.module.rds.module.db_instance",
      "mode": "data",
      "type": "aws_partition",
      "name": "current",
      "provider": "provider[\"registry.terraform.io/hashicorp/aws\"]",
      "instances": [
        {
          "schema_version": 0,
          "attributes": {
            "dns_suffix": "amazonaws.com",
            "id": "aws",
            "partition": "aws",
            "reverse_dns_prefix": "com.amazonaws"
          },
          "sensitive_attributes": []
        }
      ]
    },
    {
      "module": "module.mysql.module.rds.module.db_instance",
      "mode": "managed",
      "type": "aws_db_instance",
      "name": "this",
      "provider": "provider[\"registry.terraform.io/hashicorp/aws\"]",
      "instances": [
        {
          "index_key": 0,
          "schema_version": 2,
          "attributes": {
            "address": "rds.cb82gu486gha.ap-southeast-1.rds.amazonaws.com",
            "allocated_storage": 20,
            "allow_major_version_upgrade": false,
            "apply_immediately": false,
            "arn": "arn:aws:rds:ap-southeast-1:343218201267:db:rds",
            "auto_minor_version_upgrade": true,
            "availability_zone": "ap-southeast-1b",
            "backup_retention_period": 7,
            "backup_target": "region",
            "backup_window": "14:45-15:15",
            "blue_green_update": [],
            "ca_cert_identifier": "rds-ca-rsa2048-g1",
            "character_set_name": "",
            "copy_tags_to_snapshot": false,
            "custom_iam_instance_profile": "",
            "customer_owned_ip_enabled": false,
            "db_name": "mydb",
            "db_subnet_group_name": "default",
            "dedicated_log_volume": false,
            "delete_automated_backups": true,
            "deletion_protection": false,
            "domain": "",
            "domain_auth_secret_arn": "",
            "domain_dns_ips": [],
            "domain_fqdn": "",
            "domain_iam_role_name": "",
            "domain_ou": "",
            "enabled_cloudwatch_logs_exports": [],
            "endpoint": "rds.cb82gu486gha.ap-southeast-1.rds.amazonaws.com:3306",
            "engine": "mysql",
            "engine_lifecycle_support": "open-source-rds-extended-support",
            "engine_version": "8.0.39",
            "engine_version_actual": "8.0.39",
            "final_snapshot_identifier": null,
            "hosted_zone_id": "Z2G0U3KFCY8NZ5",
            "iam_database_authentication_enabled": false,
            "id": "db-TCAA5EKLU22NSXYXHQPQIBMO6Y",
            "identifier": "rds",
            "identifier_prefix": "",
            "instance_class": "db.t3.micro",
            "iops": 0,
            "kms_key_id": "arn:aws:kms:ap-southeast-1:343218201267:key/541dec51-182b-4297-b032-c22b401705bc",
            "latest_restorable_time": "2024-12-04T11:10:00Z",
            "license_model": "general-public-license",
            "listener_endpoint": [],
            "maintenance_window": "sat:20:27-sat:20:57",
            "manage_master_user_password": null,
            "master_user_secret": [],
            "master_user_secret_kms_key_id": null,
            "max_allocated_storage": 0,
            "monitoring_interval": 60,
            "monitoring_role_arn": "arn:aws:iam::343218201267:role/rds-monitoring-role",
            "multi_az": false,
            "nchar_character_set_name": "",
            "network_type": "IPV4",
            "option_group_name": "rds-20241204095935047700000002",
            "parameter_group_name": "rds-20241204095935047200000001",
            "password": "OeIXWgcIVw2nLoMJ",
            "performance_insights_enabled": false,
            "performance_insights_kms_key_id": "",
            "performance_insights_retention_period": 0,
            "port": 3306,
            "publicly_accessible": false,
            "replica_mode": "",
            "replicas": [],
            "replicate_source_db": "",
            "resource_id": "db-TCAA5EKLU22NSXYXHQPQIBMO6Y",
            "restore_to_point_in_time": [],
            "s3_import": [],
            "skip_final_snapshot": true,
            "snapshot_identifier": null,
            "status": "available",
            "storage_encrypted": true,
            "storage_throughput": 0,
            "storage_type": "gp2",
            "tags": {
              "Name": "my-mysql-db"
            },
            "tags_all": {
              "Name": "my-mysql-db"
            },
            "timeouts": {
              "create": null,
              "delete": null,
              "update": null
            },
            "timezone": "",
            "upgrade_storage_config": null,
            "username": "admin",
            "vpc_security_group_ids": []
          },
          "sensitive_attributes": [
            [
              {
                "type": "get_attr",
                "value": "password"
              }
            ]
          ],
          "private": "eyJlMmJmYjczMC1lY2FhLTExZTYtOGY4OC0zNDM2M2JjN2M0YzAiOnsiY3JlYXRlIjoyNDAwMDAwMDAwMDAwLCJkZWxldGUiOjM2MDAwMDAwMDAwMDAsInVwZGF0ZSI6NDgwMDAwMDAwMDAwMH0sInNjaGVtYV92ZXJzaW9uIjoiMiJ9",
          "dependencies": [
            "module.mysql.aws_iam_role.rds_monitoring",
            "module.mysql.module.rds.module.db_instance.aws_cloudwatch_log_group.this",
            "module.mysql.module.rds.module.db_instance.aws_iam_role.enhanced_monitoring",
            "module.mysql.module.rds.module.db_instance.random_id.snapshot_identifier",
            "module.mysql.module.rds.module.db_option_group.aws_db_option_group.this",
            "module.mysql.module.rds.module.db_parameter_group.aws_db_parameter_group.this",
            "module.mysql.module.rds.module.db_subnet_group.aws_db_subnet_group.this",
            "module.mysql.module.rds.random_password.master_password"
          ]
        }
      ]
    },
    {
      "module": "module.mysql.module.rds.module.db_option_group",
      "mode": "managed",
      "type": "aws_db_option_group",
      "name": "this",
      "provider": "provider[\"registry.terraform.io/hashicorp/aws\"]",
      "instances": [
        {
          "index_key": 0,
          "schema_version": 0,
          "attributes": {
            "arn": "arn:aws:rds:ap-southeast-1:343218201267:og:rds-20241204095935047700000002",
            "engine_name": "mysql",
            "id": "rds-20241204095935047700000002",
            "major_engine_version": "8.0",
            "name": "rds-20241204095935047700000002",
            "name_prefix": "rds-",
            "option": [],
            "option_group_description": "rds option group",
            "skip_destroy": false,
            "tags": {
              "Name": "rds"
            },
            "tags_all": {
              "Name": "rds"
            },
            "timeouts": {
              "delete": null
            }
          },
          "sensitive_attributes": [],
          "private": "eyJlMmJmYjczMC1lY2FhLTExZTYtOGY4OC0zNDM2M2JjN2M0YzAiOnsiZGVsZXRlIjo5MDAwMDAwMDAwMDB9fQ==",
          "create_before_destroy": true
        }
      ]
    },
    {
      "module": "module.mysql.module.rds.module.db_parameter_group",
      "mode": "managed",
      "type": "aws_db_parameter_group",
      "name": "this",
      "provider": "provider[\"registry.terraform.io/hashicorp/aws\"]",
      "instances": [
        {
          "index_key": 0,
          "schema_version": 0,
          "attributes": {
            "arn": "arn:aws:rds:ap-southeast-1:343218201267:pg:rds-20241204095935047200000001",
            "description": "rds parameter group",
            "family": "mysql8.0",
            "id": "rds-20241204095935047200000001",
            "name": "rds-20241204095935047200000001",
            "name_prefix": "rds-",
            "parameter": [],
            "skip_destroy": false,
            "tags": {
              "Name": "rds"
            },
            "tags_all": {
              "Name": "rds"
            }
          },
          "sensitive_attributes": [],
          "private": "bnVsbA==",
          "create_before_destroy": true
        }
      ]
    },
    {
      "module": "module.sns",
      "mode": "managed",
      "type": "aws_sns_topic",
      "name": "alarm_notifications",
      "provider": "provider[\"registry.terraform.io/hashicorp/aws\"]",
      "instances": [
        {
          "schema_version": 0,
          "attributes": {
            "application_failure_feedback_role_arn": "",
            "application_success_feedback_role_arn": "",
            "application_success_feedback_sample_rate": 0,
            "archive_policy": "",
            "arn": "arn:aws:sns:ap-southeast-1:343218201267:rds-alarm-topic",
            "beginning_archive_time": "",
            "content_based_deduplication": false,
            "delivery_policy": "",
            "display_name": "",
            "fifo_topic": false,
            "firehose_failure_feedback_role_arn": "",
            "firehose_success_feedback_role_arn": "",
            "firehose_success_feedback_sample_rate": 0,
            "http_failure_feedback_role_arn": "",
            "http_success_feedback_role_arn": "",
            "http_success_feedback_sample_rate": 0,
            "id": "arn:aws:sns:ap-southeast-1:343218201267:rds-alarm-topic",
            "kms_master_key_id": "",
            "lambda_failure_feedback_role_arn": "",
            "lambda_success_feedback_role_arn": "",
            "lambda_success_feedback_sample_rate": 0,
            "name": "rds-alarm-topic",
            "name_prefix": "",
            "owner": "343218201267",
            "policy": "{\"Id\":\"__default_policy_ID\",\"Statement\":[{\"Action\":[\"SNS:GetTopicAttributes\",\"SNS:SetTopicAttributes\",\"SNS:AddPermission\",\"SNS:RemovePermission\",\"SNS:DeleteTopic\",\"SNS:Subscribe\",\"SNS:ListSubscriptionsByTopic\",\"SNS:Publish\"],\"Condition\":{\"StringEquals\":{\"AWS:SourceOwner\":\"343218201267\"}},\"Effect\":\"Allow\",\"Principal\":{\"AWS\":\"*\"},\"Resource\":\"arn:aws:sns:ap-southeast-1:343218201267:rds-alarm-topic\",\"Sid\":\"__default_statement_ID\"}],\"Version\":\"2008-10-17\"}",
            "signature_version": 0,
            "sqs_failure_feedback_role_arn": "",
            "sqs_success_feedback_role_arn": "",
            "sqs_success_feedback_sample_rate": 0,
            "tags": {},
            "tags_all": {},
            "tracing_config": ""
          },
          "sensitive_attributes": [],
          "private": "bnVsbA=="
        }
      ]
    },
    {
      "module": "module.sns",
      "mode": "managed",
      "type": "aws_sns_topic_subscription",
      "name": "email_subscription",
      "provider": "provider[\"registry.terraform.io/hashicorp/aws\"]",
      "instances": [
        {
          "schema_version": 0,
          "attributes": {
            "arn": "arn:aws:sns:ap-southeast-1:343218201267:rds-alarm-topic:1defc051-0edf-4cd7-b474-d7c3e8bea813",
            "confirmation_timeout_in_minutes": 1,
            "confirmation_was_authenticated": false,
            "delivery_policy": "",
            "endpoint": "example@Ggmail.com",
            "endpoint_auto_confirms": false,
            "filter_policy": "",
            "filter_policy_scope": "",
            "id": "arn:aws:sns:ap-southeast-1:343218201267:rds-alarm-topic:1defc051-0edf-4cd7-b474-d7c3e8bea813",
            "owner_id": "343218201267",
            "pending_confirmation": true,
            "protocol": "email",
            "raw_message_delivery": false,
            "redrive_policy": "",
            "replay_policy": "",
            "subscription_role_arn": "",
            "topic_arn": "arn:aws:sns:ap-southeast-1:343218201267:rds-alarm-topic"
          },
          "sensitive_attributes": [],
          "private": "bnVsbA==",
          "dependencies": [
            "module.sns.aws_sns_topic.alarm_notifications"
          ]
        }
      ]
    }
  ]
}
